
Microsoft Visual Studio Solution File, Format Version 12.00
# Visual Studio Version 17
VisualStudioVersion = 17.4.33122.133
MinimumVisualStudioVersion = 10.0.40219.1
Project("{FAE04EC0-301F-11D3-BF4B-00C04F79EFBC}") = "Webhook Sender", "Webhook Sender\Webhook Sender.csproj", "{EC677577-C4BD-42F3-A71B-C85AF4A96A32}"
EndProject
Global
	GlobalSection(SolutionConfigurationPlatforms) = preSolution
		Debug|Any CPU = Debug|Any CPU
		Release|Any CPU = Release|Any CPU
	EndGlobalSection
	GlobalSection(ProjectConfigurationPlatforms) = postSolution
		{EC677577-C4BD-42F3-A71B-C85AF4A96A32}.Debug|Any CPU.ActiveCfg = Debug|Any CPU
		{EC677577-C4BD-42F3-A71B-C85AF4A96A32}.Debug|Any CPU.Build.0 = Debug|Any CPU
		{EC677577-C4BD-42F3-A71B-C85AF4A96A32}.Release|Any CPU.ActiveCfg = Release|Any CPU
		{EC677577-C4BD-42F3-A71B-C85AF4A96A32}.Release|Any CPU.Build.0 = Release|Any CPU
	EndGlobalSection
	GlobalSection(SolutionProperties) = preSolution
		HideSolutionNode = FALSE
	EndGlobalSection
	GlobalSection(ExtensibilityGlobals) = postSolution
		SolutionGuid = {55D0D379-2897-4BC0-88FE-9F873FA9D549}
	EndGlobalSection
EndGlobal
